// !$*UTF8*$!
{
	archiveVersion = 1;
	classes = {
	};
	objectVersion = 46;
	objects = {

/* Begin PBXBuildFile section */
		1F612D0716A91D680017C5E0 /* icon.iconset in Resources */ = {isa = PBXBuildFile; fileRef = 1F612D0616A91D680017C5E0 /* icon.iconset */; };
		1F70B9DC16A782F7009DCA94 /* VISA.framework in CopyFiles */ = {isa = PBXBuildFile; fileRef = 1F70B9D916A782BC009DCA94 /* VISA.framework */; };
		1F70B9EB16A7C437009DCA94 /* CompileProgressWindowController.m in Sources */ = {isa = PBXBuildFile; fileRef = 1F70B9EA16A7C437009DCA94 /* CompileProgressWindowController.m */; };
		1FE49C1916A3CD060016E8F6 /* Cocoa.framework in Frameworks */ = {isa = PBXBuildFile; fileRef = 1FE49C1816A3CD060016E8F6 /* Cocoa.framework */; };
		1FE49C2316A3CD060016E8F6 /* InfoPlist.strings in Resources */ = {isa = PBXBuildFile; fileRef = 1FE49C2116A3CD060016E8F6 /* InfoPlist.strings */; };
		1FE49C2516A3CD060016E8F6 /* main.m in Sources */ = {isa = PBXBuildFile; fileRef = 1FE49C2416A3CD060016E8F6 /* main.m */; };
		1FE49C2916A3CD060016E8F6 /* Credits.rtf in Resources */ = {isa = PBXBuildFile; fileRef = 1FE49C2716A3CD060016E8F6 /* Credits.rtf */; };
		1FE49C2C16A3CD060016E8F6 /* NXCSourceDocument.m in Sources */ = {isa = PBXBuildFile; fileRef = 1FE49C2B16A3CD060016E8F6 /* NXCSourceDocument.m */; };
		1FE49C3216A3CD060016E8F6 /* MainMenu.xib in Resources */ = {isa = PBXBuildFile; fileRef = 1FE49C3016A3CD060016E8F6 /* MainMenu.xib */; };
		1FE49C5516A3CF260016E8F6 /* ACEView.framework in Frameworks */ = {isa = PBXBuildFile; fileRef = 1FE49C5416A3CF260016E8F6 /* ACEView.framework */; };
		1FE49C5716A3CFCB0016E8F6 /* ACEView.framework in CopyFiles */ = {isa = PBXBuildFile; fileRef = 1FE49C5416A3CF260016E8F6 /* ACEView.framework */; };
		1FE49C5B16A3D0F90016E8F6 /* ACEViewController.m in Sources */ = {isa = PBXBuildFile; fileRef = 1FE49C5916A3D0F90016E8F6 /* ACEViewController.m */; };
		1FE49C5D16A3D1030016E8F6 /* ACEViewController.xib in Resources */ = {isa = PBXBuildFile; fileRef = 1FE49C5F16A3D1030016E8F6 /* ACEViewController.xib */; };
		1FE49C6316A3D2E10016E8F6 /* MainViewController.m in Sources */ = {isa = PBXBuildFile; fileRef = 1FE49C6116A3D2E10016E8F6 /* MainViewController.m */; };
		1FE49C6C16A3D9E90016E8F6 /* MainWindowController.m in Sources */ = {isa = PBXBuildFile; fileRef = 1FE49C6A16A3D9E90016E8F6 /* MainWindowController.m */; };
		1FE49C6E16A3D9FB0016E8F6 /* MainWindowController.xib in Resources */ = {isa = PBXBuildFile; fileRef = 1FE49C7016A3D9FB0016E8F6 /* MainWindowController.xib */; };
		1FE49C7C16A489960016E8F6 /* SourceDocument.m in Sources */ = {isa = PBXBuildFile; fileRef = 1FE49C7A16A489960016E8F6 /* SourceDocument.m */; };
		1FE49CB916A499FE0016E8F6 /* MainViewController.xib in Resources */ = {isa = PBXBuildFile; fileRef = 1FE49CBB16A499FE0016E8F6 /* MainViewController.xib */; };
		1FE49CCF16A4B1740016E8F6 /* SourceCompiler.m in Sources */ = {isa = PBXBuildFile; fileRef = 1FE49CCE16A4B1740016E8F6 /* SourceCompiler.m */; };
		1FE49CD216A4B2930016E8F6 /* NXCSourceCompiler.m in Sources */ = {isa = PBXBuildFile; fileRef = 1FE49CD116A4B2930016E8F6 /* NXCSourceCompiler.m */; };
		1FE49CE416A4CB920016E8F6 /* IOBluetoothUI.framework in Frameworks */ = {isa = PBXBuildFile; fileRef = 1FE49CE316A4CB920016E8F6 /* IOBluetoothUI.framework */; };
		1FE49CFB16A4EC730016E8F6 /* Localizable.strings in Resources */ = {isa = PBXBuildFile; fileRef = 1FE49CFD16A4EC730016E8F6 /* Localizable.strings */; };
		1FE49D0116A4EEA90016E8F6 /* ProgressWindowController.m in Sources */ = {isa = PBXBuildFile; fileRef = 1FE49CFF16A4EEA90016E8F6 /* ProgressWindowController.m */; };
		1FE49D0816A507140016E8F6 /* UploadProgressWindowController.m in Sources */ = {isa = PBXBuildFile; fileRef = 1FE49D0716A507140016E8F6 /* UploadProgressWindowController.m */; };
		1FE49D1E16A60AF60016E8F6 /* Fantom.framework in CopyFiles */ = {isa = PBXBuildFile; fileRef = 1FE49D1C16A60AA00016E8F6 /* Fantom.framework */; };
		1FE49D1F16A60B2F0016E8F6 /* ProgressWindowController.xib in Resources */ = {isa = PBXBuildFile; fileRef = 1FE49D2116A60B2F0016E8F6 /* ProgressWindowController.xib */; };
		3D89D67C1BA3809900D2E49E /* NXTKit.framework in Frameworks */ = {isa = PBXBuildFile; fileRef = 3D89D67B1BA3808200D2E49E /* NXTKit.framework */; };
		3D89D6A41BA385B100D2E49E /* nbc in CopyFiles */ = {isa = PBXBuildFile; fileRef = 3D89D6911BA3858C00D2E49E /* nbc */; };
		3D89D6A51BA385B100D2E49E /* nxtcom in CopyFiles */ = {isa = PBXBuildFile; fileRef = 3D89D6961BA3858C00D2E49E /* nxtcom */; };
		3D9767481BB0741600125371 /* NXTUtils.framework in Frameworks */ = {isa = PBXBuildFile; fileRef = 3D9767471BB073D900125371 /* NXTUtils.framework */; };
/* End PBXBuildFile section */

/* Begin PBXContainerItemProxy section */
		3D89D67A1BA3808200D2E49E /* PBXContainerItemProxy */ = {
			isa = PBXContainerItemProxy;
			containerPortal = 3D89D6761BA3808100D2E49E /* NXTKit.xcodeproj */;
			proxyType = 2;
			remoteGlobalIDString = 8DC2EF5B0486A6940098B216;
			remoteInfo = NXTKit;
		};
		3D9767461BB073D900125371 /* PBXContainerItemProxy */ = {
			isa = PBXContainerItemProxy;
			containerPortal = 3D9767411BB073D800125371 /* NXTUtils.xcodeproj */;
			proxyType = 2;
			remoteGlobalIDString = 3D37F1901BB0705E00F85339;
			remoteInfo = NXTUtils;
		};
/* End PBXContainerItemProxy section */

/* Begin PBXCopyFilesBuildPhase section */
		1FE49C5616A3CFA30016E8F6 /* CopyFiles */ = {
			isa = PBXCopyFilesBuildPhase;
			buildActionMask = 2147483647;
			dstPath = "";
			dstSubfolderSpec = 10;
			files = (
				1FE49C5716A3CFCB0016E8F6 /* ACEView.framework in CopyFiles */,
				1F70B9DC16A782F7009DCA94 /* VISA.framework in CopyFiles */,
				1FE49D1E16A60AF60016E8F6 /* Fantom.framework in CopyFiles */,
			);
			runOnlyForDeploymentPostprocessing = 0;
		};
		1FE49CB416A496850016E8F6 /* CopyFiles */ = {
			isa = PBXCopyFilesBuildPhase;
			buildActionMask = 2147483647;
			dstPath = "";
			dstSubfolderSpec = 6;
			files = (
				3D89D6A41BA385B100D2E49E /* nbc in CopyFiles */,
				3D89D6A51BA385B100D2E49E /* nxtcom in CopyFiles */,
			);
			runOnlyForDeploymentPostprocessing = 0;
		};
/* End PBXCopyFilesBuildPhase section */

/* Begin PBXFileReference section */
		1F5DF06C16A75EEE00377621 /* ProgressWindowController+Protected.h */ = {isa = PBXFileReference; fileEncoding = 4; lastKnownFileType = sourcecode.c.h; path = "ProgressWindowController+Protected.h"; sourceTree = "<group>"; };
		1F612D0616A91D680017C5E0 /* icon.iconset */ = {isa = PBXFileReference; lastKnownFileType = folder.iconset; path = icon.iconset; sourceTree = "<group>"; };
		1F70B9D916A782BC009DCA94 /* VISA.framework */ = {isa = PBXFileReference; lastKnownFileType = wrapper.framework; path = VISA.framework; sourceTree = "<group>"; };
		1F70B9E916A7C437009DCA94 /* CompileProgressWindowController.h */ = {isa = PBXFileReference; fileEncoding = 4; lastKnownFileType = sourcecode.c.h; path = CompileProgressWindowController.h; sourceTree = "<group>"; };
		1F70B9EA16A7C437009DCA94 /* CompileProgressWindowController.m */ = {isa = PBXFileReference; fileEncoding = 4; lastKnownFileType = sourcecode.c.objc; path = CompileProgressWindowController.m; sourceTree = "<group>"; };
		1FE49C1416A3CD060016E8F6 /* MINDcode.app */ = {isa = PBXFileReference; explicitFileType = wrapper.application; includeInIndex = 0; path = MINDcode.app; sourceTree = BUILT_PRODUCTS_DIR; };
		1FE49C1816A3CD060016E8F6 /* Cocoa.framework */ = {isa = PBXFileReference; lastKnownFileType = wrapper.framework; name = Cocoa.framework; path = System/Library/Frameworks/Cocoa.framework; sourceTree = SDKROOT; };
		1FE49C1B16A3CD060016E8F6 /* AppKit.framework */ = {isa = PBXFileReference; lastKnownFileType = wrapper.framework; name = AppKit.framework; path = System/Library/Frameworks/AppKit.framework; sourceTree = SDKROOT; };
		1FE49C1D16A3CD060016E8F6 /* Foundation.framework */ = {isa = PBXFileReference; lastKnownFileType = wrapper.framework; name = Foundation.framework; path = System/Library/Frameworks/Foundation.framework; sourceTree = SDKROOT; };
		1FE49C2016A3CD060016E8F6 /* MINDcode-Info.plist */ = {isa = PBXFileReference; lastKnownFileType = text.plist.xml; path = "MINDcode-Info.plist"; sourceTree = "<group>"; };
		1FE49C2216A3CD060016E8F6 /* en */ = {isa = PBXFileReference; lastKnownFileType = text.plist.strings; name = en; path = en.lproj/InfoPlist.strings; sourceTree = "<group>"; };
		1FE49C2416A3CD060016E8F6 /* main.m */ = {isa = PBXFileReference; lastKnownFileType = sourcecode.c.objc; path = main.m; sourceTree = "<group>"; };
		1FE49C2616A3CD060016E8F6 /* MINDcode-Prefix.pch */ = {isa = PBXFileReference; lastKnownFileType = sourcecode.c.h; path = "MINDcode-Prefix.pch"; sourceTree = "<group>"; };
		1FE49C2816A3CD060016E8F6 /* en */ = {isa = PBXFileReference; lastKnownFileType = text.rtf; name = en; path = en.lproj/Credits.rtf; sourceTree = "<group>"; };
		1FE49C2A16A3CD060016E8F6 /* NXCSourceDocument.h */ = {isa = PBXFileReference; lastKnownFileType = sourcecode.c.h; path = NXCSourceDocument.h; sourceTree = "<group>"; };
		1FE49C2B16A3CD060016E8F6 /* NXCSourceDocument.m */ = {isa = PBXFileReference; lastKnownFileType = sourcecode.c.objc; path = NXCSourceDocument.m; sourceTree = "<group>"; };
		1FE49C3116A3CD060016E8F6 /* en */ = {isa = PBXFileReference; lastKnownFileType = file.xib; name = en; path = en.lproj/MainMenu.xib; sourceTree = "<group>"; };
		1FE49C5416A3CF260016E8F6 /* ACEView.framework */ = {isa = PBXFileReference; lastKnownFileType = wrapper.framework; path = ACEView.framework; sourceTree = "<group>"; };
		1FE49C5816A3D0F90016E8F6 /* ACEViewController.h */ = {isa = PBXFileReference; fileEncoding = 4; lastKnownFileType = sourcecode.c.h; path = ACEViewController.h; sourceTree = "<group>"; };
		1FE49C5916A3D0F90016E8F6 /* ACEViewController.m */ = {isa = PBXFileReference; fileEncoding = 4; lastKnownFileType = sourcecode.c.objc; path = ACEViewController.m; sourceTree = "<group>"; };
		1FE49C5E16A3D1030016E8F6 /* en */ = {isa = PBXFileReference; lastKnownFileType = file.xib; name = en; path = en.lproj/ACEViewController.xib; sourceTree = "<group>"; };
		1FE49C6016A3D2E10016E8F6 /* MainViewController.h */ = {isa = PBXFileReference; fileEncoding = 4; lastKnownFileType = sourcecode.c.h; path = MainViewController.h; sourceTree = "<group>"; };
		1FE49C6116A3D2E10016E8F6 /* MainViewController.m */ = {isa = PBXFileReference; fileEncoding = 4; lastKnownFileType = sourcecode.c.objc; path = MainViewController.m; sourceTree = "<group>"; };
		1FE49C6916A3D9E90016E8F6 /* MainWindowController.h */ = {isa = PBXFileReference; fileEncoding = 4; lastKnownFileType = sourcecode.c.h; path = MainWindowController.h; sourceTree = "<group>"; };
		1FE49C6A16A3D9E90016E8F6 /* MainWindowController.m */ = {isa = PBXFileReference; fileEncoding = 4; lastKnownFileType = sourcecode.c.objc; path = MainWindowController.m; sourceTree = "<group>"; };
		1FE49C6F16A3D9FB0016E8F6 /* en */ = {isa = PBXFileReference; lastKnownFileType = file.xib; name = en; path = en.lproj/MainWindowController.xib; sourceTree = "<group>"; };
		1FE49C7916A489960016E8F6 /* SourceDocument.h */ = {isa = PBXFileReference; fileEncoding = 4; lastKnownFileType = sourcecode.c.h; path = SourceDocument.h; sourceTree = "<group>"; };
		1FE49C7A16A489960016E8F6 /* SourceDocument.m */ = {isa = PBXFileReference; fileEncoding = 4; lastKnownFileType = sourcecode.c.objc; path = SourceDocument.m; sourceTree = "<group>"; };
		1FE49CBA16A499FE0016E8F6 /* en */ = {isa = PBXFileReference; lastKnownFileType = file.xib; name = en; path = en.lproj/MainViewController.xib; sourceTree = "<group>"; };
		1FE49CCD16A4B1740016E8F6 /* SourceCompiler.h */ = {isa = PBXFileReference; fileEncoding = 4; lastKnownFileType = sourcecode.c.h; path = SourceCompiler.h; sourceTree = "<group>"; };
		1FE49CCE16A4B1740016E8F6 /* SourceCompiler.m */ = {isa = PBXFileReference; fileEncoding = 4; lastKnownFileType = sourcecode.c.objc; path = SourceCompiler.m; sourceTree = "<group>"; };
		1FE49CD016A4B2930016E8F6 /* NXCSourceCompiler.h */ = {isa = PBXFileReference; fileEncoding = 4; lastKnownFileType = sourcecode.c.h; path = NXCSourceCompiler.h; sourceTree = "<group>"; };
		1FE49CD116A4B2930016E8F6 /* NXCSourceCompiler.m */ = {isa = PBXFileReference; fileEncoding = 4; lastKnownFileType = sourcecode.c.objc; path = NXCSourceCompiler.m; sourceTree = "<group>"; };
		1FE49CE316A4CB920016E8F6 /* IOBluetoothUI.framework */ = {isa = PBXFileReference; lastKnownFileType = wrapper.framework; name = IOBluetoothUI.framework; path = System/Library/Frameworks/IOBluetoothUI.framework; sourceTree = SDKROOT; };
		1FE49CFC16A4EC730016E8F6 /* en */ = {isa = PBXFileReference; lastKnownFileType = text.plist.strings; name = en; path = en.lproj/Localizable.strings; sourceTree = "<group>"; };
		1FE49CFE16A4EEA90016E8F6 /* ProgressWindowController.h */ = {isa = PBXFileReference; fileEncoding = 4; lastKnownFileType = sourcecode.c.h; path = ProgressWindowController.h; sourceTree = "<group>"; };
		1FE49CFF16A4EEA90016E8F6 /* ProgressWindowController.m */ = {isa = PBXFileReference; fileEncoding = 4; lastKnownFileType = sourcecode.c.objc; path = ProgressWindowController.m; sourceTree = "<group>"; };
		1FE49D0616A507140016E8F6 /* UploadProgressWindowController.h */ = {isa = PBXFileReference; fileEncoding = 4; lastKnownFileType = sourcecode.c.h; path = UploadProgressWindowController.h; sourceTree = "<group>"; };
		1FE49D0716A507140016E8F6 /* UploadProgressWindowController.m */ = {isa = PBXFileReference; fileEncoding = 4; lastKnownFileType = sourcecode.c.objc; path = UploadProgressWindowController.m; sourceTree = "<group>"; };
		1FE49D1C16A60AA00016E8F6 /* Fantom.framework */ = {isa = PBXFileReference; lastKnownFileType = wrapper.framework; path = Fantom.framework; sourceTree = "<group>"; };
		1FE49D2016A60B2F0016E8F6 /* en */ = {isa = PBXFileReference; lastKnownFileType = file.xib; name = en; path = en.lproj/ProgressWindowController.xib; sourceTree = "<group>"; };
		1FF20AB516A738450012F460 /* SourceCompiler+Protected.h */ = {isa = PBXFileReference; fileEncoding = 4; lastKnownFileType = sourcecode.c.h; path = "SourceCompiler+Protected.h"; sourceTree = "<group>"; };
		3D89D6761BA3808100D2E49E /* NXTKit.xcodeproj */ = {isa = PBXFileReference; lastKnownFileType = "wrapper.pb-project"; name = NXTKit.xcodeproj; path = NXTKit/NXTKit.xcodeproj; sourceTree = "<group>"; };
		3D89D68D1BA3858C00D2E49E /* Changelog */ = {isa = PBXFileReference; fileEncoding = 4; lastKnownFileType = text; path = Changelog; sourceTree = "<group>"; };
		3D89D68E1BA3858C00D2E49E /* nbc.1 */ = {isa = PBXFileReference; fileEncoding = 4; lastKnownFileType = text.man; path = nbc.1; sourceTree = "<group>"; };
		3D89D68F1BA3858C00D2E49E /* Readme */ = {isa = PBXFileReference; fileEncoding = 4; lastKnownFileType = text; path = Readme; sourceTree = "<group>"; };
		3D89D6911BA3858C00D2E49E /* nbc */ = {isa = PBXFileReference; lastKnownFileType = "compiled.mach-o.executable"; path = nbc; sourceTree = "<group>"; };
		3D89D6931BA3858C00D2E49E /* NBC Compile And Download via USB.app */ = {isa = PBXFileReference; lastKnownFileType = wrapper.application; path = "NBC Compile And Download via USB.app"; sourceTree = "<group>"; };
		3D89D6941BA3858C00D2E49E /* NBCCompile.app */ = {isa = PBXFileReference; lastKnownFileType = wrapper.application; path = NBCCompile.app; sourceTree = "<group>"; };
		3D89D6951BA3858C00D2E49E /* NXT Download via USB.app */ = {isa = PBXFileReference; lastKnownFileType = wrapper.application; path = "NXT Download via USB.app"; sourceTree = "<group>"; };
		3D89D6961BA3858C00D2E49E /* nxtcom */ = {isa = PBXFileReference; lastKnownFileType = "compiled.mach-o.executable"; path = nxtcom; sourceTree = "<group>"; };
		3D89D6971BA3858C00D2E49E /* readme_nxtcom.txt */ = {isa = PBXFileReference; fileEncoding = 4; lastKnownFileType = text; path = readme_nxtcom.txt; sourceTree = "<group>"; };
		3D89D6991BA3858C00D2E49E /* struct.nxc */ = {isa = PBXFileReference; fileEncoding = 4; lastKnownFileType = text; path = struct.nxc; sourceTree = "<group>"; };
		3D9767411BB073D800125371 /* NXTUtils.xcodeproj */ = {isa = PBXFileReference; lastKnownFileType = "wrapper.pb-project"; name = NXTUtils.xcodeproj; path = NXTUtils/NXTUtils.xcodeproj; sourceTree = "<group>"; };
/* End PBXFileReference section */

/* Begin PBXFrameworksBuildPhase section */
		1FE49C1116A3CD060016E8F6 /* Frameworks */ = {
			isa = PBXFrameworksBuildPhase;
			buildActionMask = 2147483647;
			files = (
				3D89D67C1BA3809900D2E49E /* NXTKit.framework in Frameworks */,
				3D9767481BB0741600125371 /* NXTUtils.framework in Frameworks */,
				1FE49CE416A4CB920016E8F6 /* IOBluetoothUI.framework in Frameworks */,
				1FE49C1916A3CD060016E8F6 /* Cocoa.framework in Frameworks */,
				1FE49C5516A3CF260016E8F6 /* ACEView.framework in Frameworks */,
			);
			runOnlyForDeploymentPostprocessing = 0;
		};
/* End PBXFrameworksBuildPhase section */

/* Begin PBXGroup section */
		1F70B9DB16A782CD009DCA94 /* LegoMindstorms */ = {
			isa = PBXGroup;
			children = (
				1F70B9D916A782BC009DCA94 /* VISA.framework */,
				1FE49D1C16A60AA00016E8F6 /* Fantom.framework */,
			);
			name = LegoMindstorms;
			sourceTree = "<group>";
		};
		1FE49C0916A3CD060016E8F6 = {
			isa = PBXGroup;
			children = (
				3D89D6761BA3808100D2E49E /* NXTKit.xcodeproj */,
				3D9767411BB073D800125371 /* NXTUtils.xcodeproj */,
				3D89D68A1BA3858C00D2E49E /* bin */,
				1F612D0616A91D680017C5E0 /* icon.iconset */,
				1FE49C1E16A3CD060016E8F6 /* MINDcode */,
				1FE49C1716A3CD060016E8F6 /* Frameworks */,
				1FE49C1516A3CD060016E8F6 /* Products */,
			);
			sourceTree = "<group>";
		};
		1FE49C1516A3CD060016E8F6 /* Products */ = {
			isa = PBXGroup;
			children = (
				1FE49C1416A3CD060016E8F6 /* MINDcode.app */,
			);
			name = Products;
			sourceTree = "<group>";
		};
		1FE49C1716A3CD060016E8F6 /* Frameworks */ = {
			isa = PBXGroup;
			children = (
				1FE49C1B16A3CD060016E8F6 /* AppKit.framework */,
				1FE49C1D16A3CD060016E8F6 /* Foundation.framework */,
				1FE49CE316A4CB920016E8F6 /* IOBluetoothUI.framework */,
				1FE49C5416A3CF260016E8F6 /* ACEView.framework */,
				1FE49C1816A3CD060016E8F6 /* Cocoa.framework */,
				1F70B9DB16A782CD009DCA94 /* LegoMindstorms */,
			);
			name = Frameworks;
			sourceTree = "<group>";
		};
		1FE49C1E16A3CD060016E8F6 /* MINDcode */ = {
			isa = PBXGroup;
			children = (
				1FE49CCC16A4B1550016E8F6 /* Compilers */,
				1FE49C8016A48CA40016E8F6 /* UI */,
				1FE49C7F16A48C640016E8F6 /* Documents */,
				1FE49C6916A3D9E90016E8F6 /* MainWindowController.h */,
				1FE49C6A16A3D9E90016E8F6 /* MainWindowController.m */,
				1FE49C6016A3D2E10016E8F6 /* MainViewController.h */,
				1FE49C6116A3D2E10016E8F6 /* MainViewController.m */,
				1FE49C5816A3D0F90016E8F6 /* ACEViewController.h */,
				1FE49C5916A3D0F90016E8F6 /* ACEViewController.m */,
				1FE49CFE16A4EEA90016E8F6 /* ProgressWindowController.h */,
				1FE49CFF16A4EEA90016E8F6 /* ProgressWindowController.m */,
				1F5DF06C16A75EEE00377621 /* ProgressWindowController+Protected.h */,
				1FE49D0616A507140016E8F6 /* UploadProgressWindowController.h */,
				1FE49D0716A507140016E8F6 /* UploadProgressWindowController.m */,
				1F70B9E916A7C437009DCA94 /* CompileProgressWindowController.h */,
				1F70B9EA16A7C437009DCA94 /* CompileProgressWindowController.m */,
				1FE49C1F16A3CD060016E8F6 /* Supporting Files */,
			);
			path = MINDcode;
			sourceTree = "<group>";
		};
		1FE49C1F16A3CD060016E8F6 /* Supporting Files */ = {
			isa = PBXGroup;
			children = (
				1FE49C2016A3CD060016E8F6 /* MINDcode-Info.plist */,
				1FE49C2116A3CD060016E8F6 /* InfoPlist.strings */,
				1FE49C2416A3CD060016E8F6 /* main.m */,
				1FE49C2616A3CD060016E8F6 /* MINDcode-Prefix.pch */,
				1FE49C2716A3CD060016E8F6 /* Credits.rtf */,
				1FE49CFD16A4EC730016E8F6 /* Localizable.strings */,
			);
			name = "Supporting Files";
			sourceTree = "<group>";
		};
		1FE49C7F16A48C640016E8F6 /* Documents */ = {
			isa = PBXGroup;
			children = (
				1FE49C7916A489960016E8F6 /* SourceDocument.h */,
				1FE49C7A16A489960016E8F6 /* SourceDocument.m */,
				1FE49C2A16A3CD060016E8F6 /* NXCSourceDocument.h */,
				1FE49C2B16A3CD060016E8F6 /* NXCSourceDocument.m */,
			);
			name = Documents;
			sourceTree = "<group>";
		};
		1FE49C8016A48CA40016E8F6 /* UI */ = {
			isa = PBXGroup;
			children = (
				1FE49C3016A3CD060016E8F6 /* MainMenu.xib */,
				1FE49C7016A3D9FB0016E8F6 /* MainWindowController.xib */,
				1FE49CBB16A499FE0016E8F6 /* MainViewController.xib */,
				1FE49C5F16A3D1030016E8F6 /* ACEViewController.xib */,
				1FE49D2116A60B2F0016E8F6 /* ProgressWindowController.xib */,
			);
			name = UI;
			sourceTree = "<group>";
		};
		1FE49CCC16A4B1550016E8F6 /* Compilers */ = {
			isa = PBXGroup;
			children = (
				1FE49CCD16A4B1740016E8F6 /* SourceCompiler.h */,
				1FE49CCE16A4B1740016E8F6 /* SourceCompiler.m */,
				1FF20AB516A738450012F460 /* SourceCompiler+Protected.h */,
				1FE49CD016A4B2930016E8F6 /* NXCSourceCompiler.h */,
				1FE49CD116A4B2930016E8F6 /* NXCSourceCompiler.m */,
			);
			name = Compilers;
			sourceTree = "<group>";
		};
		3D89D6771BA3808100D2E49E /* Products */ = {
			isa = PBXGroup;
			children = (
				3D89D67B1BA3808200D2E49E /* NXTKit.framework */,
			);
			name = Products;
			sourceTree = "<group>";
		};
		3D89D68A1BA3858C00D2E49E /* bin */ = {
			isa = PBXGroup;
			children = (
				3D89D68B1BA3858C00D2E49E /* nbc-1.2.1.r4.osx */,
			);
			path = bin;
			sourceTree = "<group>";
		};
		3D89D68B1BA3858C00D2E49E /* nbc-1.2.1.r4.osx */ = {
			isa = PBXGroup;
			children = (
				3D89D68C1BA3858C00D2E49E /* doc */,
				3D89D6901BA3858C00D2E49E /* NXT */,
				3D89D6981BA3858C00D2E49E /* tests */,
			);
			path = "nbc-1.2.1.r4.osx";
			sourceTree = "<group>";
		};
		3D89D68C1BA3858C00D2E49E /* doc */ = {
			isa = PBXGroup;
			children = (
				3D89D68D1BA3858C00D2E49E /* Changelog */,
				3D89D68E1BA3858C00D2E49E /* nbc.1 */,
				3D89D68F1BA3858C00D2E49E /* Readme */,
			);
			path = doc;
			sourceTree = "<group>";
		};
		3D89D6901BA3858C00D2E49E /* NXT */ = {
			isa = PBXGroup;
			children = (
				3D89D6911BA3858C00D2E49E /* nbc */,
				3D89D6921BA3858C00D2E49E /* nxtcom_scripts */,
			);
			path = NXT;
			sourceTree = "<group>";
		};
		3D89D6921BA3858C00D2E49E /* nxtcom_scripts */ = {
			isa = PBXGroup;
			children = (
				3D89D6931BA3858C00D2E49E /* NBC Compile And Download via USB.app */,
				3D89D6941BA3858C00D2E49E /* NBCCompile.app */,
				3D89D6951BA3858C00D2E49E /* NXT Download via USB.app */,
				3D89D6961BA3858C00D2E49E /* nxtcom */,
				3D89D6971BA3858C00D2E49E /* readme_nxtcom.txt */,
			);
			path = nxtcom_scripts;
			sourceTree = "<group>";
		};
		3D89D6981BA3858C00D2E49E /* tests */ = {
			isa = PBXGroup;
			children = (
				3D89D6991BA3858C00D2E49E /* struct.nxc */,
			);
			path = tests;
			sourceTree = "<group>";
		};
		3D9767421BB073D800125371 /* Products */ = {
			isa = PBXGroup;
			children = (
				3D9767471BB073D900125371 /* NXTUtils.framework */,
			);
			name = Products;
			sourceTree = "<group>";
		};
/* End PBXGroup section */

/* Begin PBXNativeTarget section */
		1FE49C1316A3CD060016E8F6 /* MINDcode */ = {
			isa = PBXNativeTarget;
			buildConfigurationList = 1FE49C4916A3CD060016E8F6 /* Build configuration list for PBXNativeTarget "MINDcode" */;
			buildPhases = (
				1FE49C1016A3CD060016E8F6 /* Sources */,
				1FE49C1116A3CD060016E8F6 /* Frameworks */,
				1FE49C1216A3CD060016E8F6 /* Resources */,
				1FE49C5616A3CFA30016E8F6 /* CopyFiles */,
				1FE49CB416A496850016E8F6 /* CopyFiles */,
			);
			buildRules = (
			);
			dependencies = (
			);
			name = MINDcode;
			productName = MINDcode;
			productReference = 1FE49C1416A3CD060016E8F6 /* MINDcode.app */;
			productType = "com.apple.product-type.application";
		};
/* End PBXNativeTarget section */

/* Begin PBXProject section */
		1FE49C0B16A3CD060016E8F6 /* Project object */ = {
			isa = PBXProject;
			attributes = {
				LastTestingUpgradeCheck = 0640;
				LastUpgradeCheck = 0640;
				ORGANIZATIONNAME = "Jeff Sawatzky";
			};
			buildConfigurationList = 1FE49C0E16A3CD060016E8F6 /* Build configuration list for PBXProject "MINDcode" */;
			compatibilityVersion = "Xcode 3.2";
			developmentRegion = English;
			hasScannedForEncodings = 0;
			knownRegions = (
				en,
			);
			mainGroup = 1FE49C0916A3CD060016E8F6;
			productRefGroup = 1FE49C1516A3CD060016E8F6 /* Products */;
			projectDirPath = "";
			projectReferences = (
				{
					ProductGroup = 3D89D6771BA3808100D2E49E /* Products */;
					ProjectRef = 3D89D6761BA3808100D2E49E /* NXTKit.xcodeproj */;
				},
				{
					ProductGroup = 3D9767421BB073D800125371 /* Products */;
					ProjectRef = 3D9767411BB073D800125371 /* NXTUtils.xcodeproj */;
				},
			);
			projectRoot = "";
			targets = (
				1FE49C1316A3CD060016E8F6 /* MINDcode */,
			);
		};
/* End PBXProject section */

/* Begin PBXReferenceProxy section */
		3D89D67B1BA3808200D2E49E /* NXTKit.framework */ = {
			isa = PBXReferenceProxy;
			fileType = wrapper.framework;
			path = NXTKit.framework;
			remoteRef = 3D89D67A1BA3808200D2E49E /* PBXContainerItemProxy */;
			sourceTree = BUILT_PRODUCTS_DIR;
		};
		3D9767471BB073D900125371 /* NXTUtils.framework */ = {
			isa = PBXReferenceProxy;
			fileType = wrapper.framework;
			path = NXTUtils.framework;
			remoteRef = 3D9767461BB073D900125371 /* PBXContainerItemProxy */;
			sourceTree = BUILT_PRODUCTS_DIR;
		};
/* End PBXReferenceProxy section */

/* Begin PBXResourcesBuildPhase section */
		1FE49C1216A3CD060016E8F6 /* Resources */ = {
			isa = PBXResourcesBuildPhase;
			buildActionMask = 2147483647;
			files = (
				1FE49C2316A3CD060016E8F6 /* InfoPlist.strings in Resources */,
				1FE49C2916A3CD060016E8F6 /* Credits.rtf in Resources */,
				1FE49C3216A3CD060016E8F6 /* MainMenu.xib in Resources */,
				1FE49C5D16A3D1030016E8F6 /* ACEViewController.xib in Resources */,
				1FE49CB916A499FE0016E8F6 /* MainViewController.xib in Resources */,
				1FE49C6E16A3D9FB0016E8F6 /* MainWindowController.xib in Resources */,
				1FE49CFB16A4EC730016E8F6 /* Localizable.strings in Resources */,
				1FE49D1F16A60B2F0016E8F6 /* ProgressWindowController.xib in Resources */,
				1F612D0716A91D680017C5E0 /* icon.iconset in Resources */,
			);
			runOnlyForDeploymentPostprocessing = 0;
		};
/* End PBXResourcesBuildPhase section */

/* Begin PBXSourcesBuildPhase section */
		1FE49C1016A3CD060016E8F6 /* Sources */ = {
			isa = PBXSourcesBuildPhase;
			buildActionMask = 2147483647;
			files = (
				1FE49C2516A3CD060016E8F6 /* main.m in Sources */,
				1FE49C2C16A3CD060016E8F6 /* NXCSourceDocument.m in Sources */,
				1FE49C5B16A3D0F90016E8F6 /* ACEViewController.m in Sources */,
				1FE49C6316A3D2E10016E8F6 /* MainViewController.m in Sources */,
				1FE49C6C16A3D9E90016E8F6 /* MainWindowController.m in Sources */,
				1FE49C7C16A489960016E8F6 /* SourceDocument.m in Sources */,
				1FE49CCF16A4B1740016E8F6 /* SourceCompiler.m in Sources */,
				1FE49CD216A4B2930016E8F6 /* NXCSourceCompiler.m in Sources */,
				1FE49D0116A4EEA90016E8F6 /* ProgressWindowController.m in Sources */,
				1FE49D0816A507140016E8F6 /* UploadProgressWindowController.m in Sources */,
				1F70B9EB16A7C437009DCA94 /* CompileProgressWindowController.m in Sources */,
			);
			runOnlyForDeploymentPostprocessing = 0;
		};
/* End PBXSourcesBuildPhase section */

/* Begin PBXVariantGroup section */
		1FE49C2116A3CD060016E8F6 /* InfoPlist.strings */ = {
			isa = PBXVariantGroup;
			children = (
				1FE49C2216A3CD060016E8F6 /* en */,
			);
			name = InfoPlist.strings;
			sourceTree = "<group>";
		};
		1FE49C2716A3CD060016E8F6 /* Credits.rtf */ = {
			isa = PBXVariantGroup;
			children = (
				1FE49C2816A3CD060016E8F6 /* en */,
			);
			name = Credits.rtf;
			sourceTree = "<group>";
		};
		1FE49C3016A3CD060016E8F6 /* MainMenu.xib */ = {
			isa = PBXVariantGroup;
			children = (
				1FE49C3116A3CD060016E8F6 /* en */,
			);
			name = MainMenu.xib;
			sourceTree = "<group>";
		};
		1FE49C5F16A3D1030016E8F6 /* ACEViewController.xib */ = {
			isa = PBXVariantGroup;
			children = (
				1FE49C5E16A3D1030016E8F6 /* en */,
			);
			name = ACEViewController.xib;
			sourceTree = "<group>";
		};
		1FE49C7016A3D9FB0016E8F6 /* MainWindowController.xib */ = {
			isa = PBXVariantGroup;
			children = (
				1FE49C6F16A3D9FB0016E8F6 /* en */,
			);
			name = MainWindowController.xib;
			sourceTree = "<group>";
		};
		1FE49CBB16A499FE0016E8F6 /* MainViewController.xib */ = {
			isa = PBXVariantGroup;
			children = (
				1FE49CBA16A499FE0016E8F6 /* en */,
			);
			name = MainViewController.xib;
			sourceTree = "<group>";
		};
		1FE49CFD16A4EC730016E8F6 /* Localizable.strings */ = {
			isa = PBXVariantGroup;
			children = (
				1FE49CFC16A4EC730016E8F6 /* en */,
			);
			name = Localizable.strings;
			sourceTree = "<group>";
		};
		1FE49D2116A60B2F0016E8F6 /* ProgressWindowController.xib */ = {
			isa = PBXVariantGroup;
			children = (
				1FE49D2016A60B2F0016E8F6 /* en */,
			);
			name = ProgressWindowController.xib;
			sourceTree = "<group>";
		};
/* End PBXVariantGroup section */

/* Begin XCBuildConfiguration section */
		1FE49C4716A3CD060016E8F6 /* Debug */ = {
			isa = XCBuildConfiguration;
			buildSettings = {
				ALWAYS_SEARCH_USER_PATHS = NO;
				CLANG_CXX_LANGUAGE_STANDARD = "gnu++0x";
				CLANG_CXX_LIBRARY = "libc++";
				CLANG_ENABLE_OBJC_ARC = YES;
				CLANG_WARN_EMPTY_BODY = YES;
				CLANG_WARN__DUPLICATE_METHOD_MATCH = YES;
				COPY_PHASE_STRIP = NO;
				GCC_C_LANGUAGE_STANDARD = gnu99;
				GCC_DYNAMIC_NO_PIC = NO;
				GCC_ENABLE_OBJC_EXCEPTIONS = YES;
				GCC_OPTIMIZATION_LEVEL = 0;
				GCC_PREPROCESSOR_DEFINITIONS = (
					"DEBUG=1",
					"$(inherited)",
				);
				GCC_SYMBOLS_PRIVATE_EXTERN = NO;
				GCC_WARN_64_TO_32_BIT_CONVERSION = YES;
				GCC_WARN_ABOUT_RETURN_TYPE = YES;
				GCC_WARN_UNINITIALIZED_AUTOS = YES;
				GCC_WARN_UNUSED_VARIABLE = YES;
				MACOSX_DEPLOYMENT_TARGET = 10.7;
				ONLY_ACTIVE_ARCH = YES;
				SDKROOT = macosx;
			};
			name = Debug;
		};
		1FE49C4816A3CD060016E8F6 /* Release */ = {
			isa = XCBuildConfiguration;
			buildSettings = {
				ALWAYS_SEARCH_USER_PATHS = NO;
				CLANG_CXX_LANGUAGE_STANDARD = "gnu++0x";
				CLANG_CXX_LIBRARY = "libc++";
				CLANG_ENABLE_OBJC_ARC = YES;
				CLANG_WARN_EMPTY_BODY = YES;
				CLANG_WARN__DUPLICATE_METHOD_MATCH = YES;
				COPY_PHASE_STRIP = YES;
				DEBUG_INFORMATION_FORMAT = "dwarf-with-dsym";
				GCC_C_LANGUAGE_STANDARD = gnu99;
				GCC_ENABLE_OBJC_EXCEPTIONS = YES;
				GCC_WARN_64_TO_32_BIT_CONVERSION = YES;
				GCC_WARN_ABOUT_RETURN_TYPE = YES;
				GCC_WARN_UNINITIALIZED_AUTOS = YES;
				GCC_WARN_UNUSED_VARIABLE = YES;
				MACOSX_DEPLOYMENT_TARGET = 10.7;
				SDKROOT = macosx;
			};
			name = Release;
		};
		1FE49C4A16A3CD060016E8F6 /* Debug */ = {
			isa = XCBuildConfiguration;
			buildSettings = {
				COMBINE_HIDPI_IMAGES = YES;
				FRAMEWORK_SEARCH_PATHS = (
					"$(inherited)",
					"$(SRCROOT)/**",
				);
				GCC_PRECOMPILE_PREFIX_HEADER = YES;
				GCC_PREFIX_HEADER = "MINDcode/MINDcode-Prefix.pch";
				INFOPLIST_FILE = "MINDcode/MINDcode-Info.plist";
				PRODUCT_NAME = "$(TARGET_NAME)";
				WRAPPER_EXTENSION = app;
			};
			name = Debug;
		};
		1FE49C4B16A3CD060016E8F6 /* Release */ = {
			isa = XCBuildConfiguration;
			buildSettings = {
				COMBINE_HIDPI_IMAGES = YES;
				FRAMEWORK_SEARCH_PATHS = (
					"$(inherited)",
					"$(SRCROOT)/**",
				);
				GCC_PRECOMPILE_PREFIX_HEADER = YES;
				GCC_PREFIX_HEADER = "MINDcode/MINDcode-Prefix.pch";
				INFOPLIST_FILE = "MINDcode/MINDcode-Info.plist";
				PRODUCT_NAME = "$(TARGET_NAME)";
				WRAPPER_EXTENSION = app;
			};
			name = Release;
		};
/* End XCBuildConfiguration section */

/* Begin XCConfigurationList section */
		1FE49C0E16A3CD060016E8F6 /* Build configuration list for PBXProject "MINDcode" */ = {
			isa = XCConfigurationList;
			buildConfigurations = (
				1FE49C4716A3CD060016E8F6 /* Debug */,
				1FE49C4816A3CD060016E8F6 /* Release */,
			);
			defaultConfigurationIsVisible = 0;
			defaultConfigurationName = Release;
		};
		1FE49C4916A3CD060016E8F6 /* Build configuration list for PBXNativeTarget "MINDcode" */ = {
			isa = XCConfigurationList;
			buildConfigurations = (
				1FE49C4A16A3CD060016E8F6 /* Debug */,
				1FE49C4B16A3CD060016E8F6 /* Release */,
			);
			defaultConfigurationIsVisible = 0;
			defaultConfigurationName = Release;
		};
/* End XCConfigurationList section */
	};
	rootObject = 1FE49C0B16A3CD060016E8F6 /* Project object */;
}
